
Microsoft Visual Studio Solution File, Format Version 12.00
# Visual Studio Version 16
VisualStudioVersion = 16.0.30907.101
MinimumVisualStudioVersion = 10.0.40219.1
Project("{888888A0-9F3D-457C-B088-3A5042F75D52}") = "advanced_python_2020-21_HD", "advanced_python_2020-21_HD.pyproj", "{DB81A78F-6857-4A63-A66F-E724837689E8}"
EndProject
Global
	GlobalSection(SolutionConfigurationPlatforms) = preSolution
		Debug|Any CPU = Debug|Any CPU
		Release|Any CPU = Release|Any CPU
	EndGlobalSection
	GlobalSection(ProjectConfigurationPlatforms) = postSolution
		{DB81A78F-6857-4A63-A66F-E724837689E8}.Debug|Any CPU.ActiveCfg = Debug|Any CPU
		{DB81A78F-6857-4A63-A66F-E724837689E8}.Release|Any CPU.ActiveCfg = Release|Any CPU
	EndGlobalSection
	GlobalSection(SolutionProperties) = preSolution
		HideSolutionNode = FALSE
	EndGlobalSection
	GlobalSection(ExtensibilityGlobals) = postSolution
		SolutionGuid = {CC526F3B-D194-47FE-A0F5-690B5240D868}
	EndGlobalSection
EndGlobal
